
Microsoft Visual Studio Solution File, Format Version 12.00
# Visual Studio Version 17
VisualStudioVersion = 17.0.31903.59
MinimumVisualStudioVersion = 10.0.40219.1
Project("{2150E333-8FDC-42A3-9474-1A3956D46DE8}") = "Shared", "Shared", "{4F52FD11-658E-A102-6CD3-7D7C16FFA15B}"
EndProject
Project("{FAE04EC0-301F-11D3-BF4B-00C04F79EFBC}") = "HRSystem.Shared", "Shared\HRSystem.Shared\HRSystem.Shared.csproj", "{24010B18-7E1B-4D53-9628-871A4749F597}"
EndProject
Project("{FAE04EC0-301F-11D3-BF4B-00C04F79EFBC}") = "EmployeeService", "EmployeeService\EmployeeService.csproj", "{91CD8451-D7F9-42EE-9AD2-9C5E99A89009}"
EndProject
Project("{FAE04EC0-301F-11D3-BF4B-00C04F79EFBC}") = "AttendanceService", "AttendanceService\AttendanceService.csproj", "{EE1E1729-57E2-46AA-8CE6-F8616E449C95}"
EndProject
Project("{FAE04EC0-301F-11D3-BF4B-00C04F79EFBC}") = "OrganizationService", "OrganizationService\OrganizationService.csproj", "{FDAD2F58-A4D2-4955-A765-728020964F07}"
EndProject
Project("{2150E333-8FDC-42A3-9474-1A3956D46DE8}") = "Tests", "Tests", "{0AB3BF05-4346-4AA6-1389-037BE0695223}"
EndProject
Project("{FAE04EC0-301F-11D3-BF4B-00C04F79EFBC}") = "EmployeeService.Tests", "Tests\EmployeeService.Tests\EmployeeService.Tests.csproj", "{F76D28B2-D25C-43C8-9502-F20E5459CEA0}"
EndProject
Project("{FAE04EC0-301F-11D3-BF4B-00C04F79EFBC}") = "AttendanceService.Tests", "Tests\AttendanceService.Tests\AttendanceService.Tests.csproj", "{B0BA27A7-7B32-4359-ABC4-ED548A09E716}"
EndProject
Project("{FAE04EC0-301F-11D3-BF4B-00C04F79EFBC}") = "OrganizationService.Tests", "Tests\OrganizationService.Tests\OrganizationService.Tests.csproj", "{1343A0A6-9790-4460-9C1E-F797314C12AA}"
EndProject
Project("{2150E333-8FDC-42A3-9474-1A3956D46DE8}") = "AppHost", "AppHost", "{90DCE71B-4939-B80A-CE8C-85DE2210C7AC}"
EndProject
Project("{FAE04EC0-301F-11D3-BF4B-00C04F79EFBC}") = "HRSystem.AppHost", "AppHost\HRSystem.AppHost\HRSystem.AppHost.csproj", "{A6B2300B-69DE-4330-AB48-D58A23619415}"
EndProject
Project("{FAE04EC0-301F-11D3-BF4B-00C04F79EFBC}") = "HRSystem.ServiceDefaults", "ServiceDefaults\HRSystem.ServiceDefaults\HRSystem.ServiceDefaults.csproj", "{8450CE35-ECF1-4B17-A03F-F118277D526E}"
EndProject
Project("{FAE04EC0-301F-11D3-BF4B-00C04F79EFBC}") = "HRSystem.Shared.Tests", "Tests\HRSystem.Shared.Tests\HRSystem.Shared.Tests.csproj", "{9A68882D-345A-4764-8E75-C3902A090D7D}"
EndProject
Project("{FAE04EC0-301F-11D3-BF4B-00C04F79EFBC}") = "HRSystem.Audit.Analyzers", "Shared\HRSystem.Audit.Analyzers\HRSystem.Audit.Analyzers.csproj", "{532300A1-908E-4496-84AC-317236CD6C2A}"
EndProject
Global
	GlobalSection(SolutionConfigurationPlatforms) = preSolution
		Debug|Any CPU = Debug|Any CPU
		Debug|x64 = Debug|x64
		Debug|x86 = Debug|x86
		Release|Any CPU = Release|Any CPU
		Release|x64 = Release|x64
		Release|x86 = Release|x86
	EndGlobalSection
	GlobalSection(ProjectConfigurationPlatforms) = postSolution
		{24010B18-7E1B-4D53-9628-871A4749F597}.Debug|Any CPU.ActiveCfg = Debug|Any CPU
		{24010B18-7E1B-4D53-9628-871A4749F597}.Debug|Any CPU.Build.0 = Debug|Any CPU
		{24010B18-7E1B-4D53-9628-871A4749F597}.Debug|x64.ActiveCfg = Debug|Any CPU
		{24010B18-7E1B-4D53-9628-871A4749F597}.Debug|x64.Build.0 = Debug|Any CPU
		{24010B18-7E1B-4D53-9628-871A4749F597}.Debug|x86.ActiveCfg = Debug|Any CPU
		{24010B18-7E1B-4D53-9628-871A4749F597}.Debug|x86.Build.0 = Debug|Any CPU
		{24010B18-7E1B-4D53-9628-871A4749F597}.Release|Any CPU.ActiveCfg = Release|Any CPU
		{24010B18-7E1B-4D53-9628-871A4749F597}.Release|Any CPU.Build.0 = Release|Any CPU
		{24010B18-7E1B-4D53-9628-871A4749F597}.Release|x64.ActiveCfg = Release|Any CPU
		{24010B18-7E1B-4D53-9628-871A4749F597}.Release|x64.Build.0 = Release|Any CPU
		{24010B18-7E1B-4D53-9628-871A4749F597}.Release|x86.ActiveCfg = Release|Any CPU
		{24010B18-7E1B-4D53-9628-871A4749F597}.Release|x86.Build.0 = Release|Any CPU
		{91CD8451-D7F9-42EE-9AD2-9C5E99A89009}.Debug|Any CPU.ActiveCfg = Debug|Any CPU
		{91CD8451-D7F9-42EE-9AD2-9C5E99A89009}.Debug|Any CPU.Build.0 = Debug|Any CPU
		{91CD8451-D7F9-42EE-9AD2-9C5E99A89009}.Debug|x64.ActiveCfg = Debug|Any CPU
		{91CD8451-D7F9-42EE-9AD2-9C5E99A89009}.Debug|x64.Build.0 = Debug|Any CPU
		{91CD8451-D7F9-42EE-9AD2-9C5E99A89009}.Debug|x86.ActiveCfg = Debug|Any CPU
		{91CD8451-D7F9-42EE-9AD2-9C5E99A89009}.Debug|x86.Build.0 = Debug|Any CPU
		{91CD8451-D7F9-42EE-9AD2-9C5E99A89009}.Release|Any CPU.ActiveCfg = Release|Any CPU
		{91CD8451-D7F9-42EE-9AD2-9C5E99A89009}.Release|Any CPU.Build.0 = Release|Any CPU
		{91CD8451-D7F9-42EE-9AD2-9C5E99A89009}.Release|x64.ActiveCfg = Release|Any CPU
		{91CD8451-D7F9-42EE-9AD2-9C5E99A89009}.Release|x64.Build.0 = Release|Any CPU
		{91CD8451-D7F9-42EE-9AD2-9C5E99A89009}.Release|x86.ActiveCfg = Release|Any CPU
		{91CD8451-D7F9-42EE-9AD2-9C5E99A89009}.Release|x86.Build.0 = Release|Any CPU
		{EE1E1729-57E2-46AA-8CE6-F8616E449C95}.Debug|Any CPU.ActiveCfg = Debug|Any CPU
		{EE1E1729-57E2-46AA-8CE6-F8616E449C95}.Debug|Any CPU.Build.0 = Debug|Any CPU
		{EE1E1729-57E2-46AA-8CE6-F8616E449C95}.Debug|x64.ActiveCfg = Debug|Any CPU
		{EE1E1729-57E2-46AA-8CE6-F8616E449C95}.Debug|x64.Build.0 = Debug|Any CPU
		{EE1E1729-57E2-46AA-8CE6-F8616E449C95}.Debug|x86.ActiveCfg = Debug|Any CPU
		{EE1E1729-57E2-46AA-8CE6-F8616E449C95}.Debug|x86.Build.0 = Debug|Any CPU
		{EE1E1729-57E2-46AA-8CE6-F8616E449C95}.Release|Any CPU.ActiveCfg = Release|Any CPU
		{EE1E1729-57E2-46AA-8CE6-F8616E449C95}.Release|Any CPU.Build.0 = Release|Any CPU
		{EE1E1729-57E2-46AA-8CE6-F8616E449C95}.Release|x64.ActiveCfg = Release|Any CPU
		{EE1E1729-57E2-46AA-8CE6-F8616E449C95}.Release|x64.Build.0 = Release|Any CPU
		{EE1E1729-57E2-46AA-8CE6-F8616E449C95}.Release|x86.ActiveCfg = Release|Any CPU
		{EE1E1729-57E2-46AA-8CE6-F8616E449C95}.Release|x86.Build.0 = Release|Any CPU
		{FDAD2F58-A4D2-4955-A765-728020964F07}.Debug|Any CPU.ActiveCfg = Debug|Any CPU
		{FDAD2F58-A4D2-4955-A765-728020964F07}.Debug|Any CPU.Build.0 = Debug|Any CPU
		{FDAD2F58-A4D2-4955-A765-728020964F07}.Debug|x64.ActiveCfg = Debug|Any CPU
		{FDAD2F58-A4D2-4955-A765-728020964F07}.Debug|x64.Build.0 = Debug|Any CPU
		{FDAD2F58-A4D2-4955-A765-728020964F07}.Debug|x86.ActiveCfg = Debug|Any CPU
		{FDAD2F58-A4D2-4955-A765-728020964F07}.Debug|x86.Build.0 = Debug|Any CPU
		{FDAD2F58-A4D2-4955-A765-728020964F07}.Release|Any CPU.ActiveCfg = Release|Any CPU
		{FDAD2F58-A4D2-4955-A765-728020964F07}.Release|Any CPU.Build.0 = Release|Any CPU
		{FDAD2F58-A4D2-4955-A765-728020964F07}.Release|x64.ActiveCfg = Release|Any CPU
		{FDAD2F58-A4D2-4955-A765-728020964F07}.Release|x64.Build.0 = Release|Any CPU
		{FDAD2F58-A4D2-4955-A765-728020964F07}.Release|x86.ActiveCfg = Release|Any CPU
		{FDAD2F58-A4D2-4955-A765-728020964F07}.Release|x86.Build.0 = Release|Any CPU
		{F76D28B2-D25C-43C8-9502-F20E5459CEA0}.Debug|Any CPU.ActiveCfg = Debug|Any CPU
		{F76D28B2-D25C-43C8-9502-F20E5459CEA0}.Debug|Any CPU.Build.0 = Debug|Any CPU
		{F76D28B2-D25C-43C8-9502-F20E5459CEA0}.Debug|x64.ActiveCfg = Debug|Any CPU
		{F76D28B2-D25C-43C8-9502-F20E5459CEA0}.Debug|x64.Build.0 = Debug|Any CPU
		{F76D28B2-D25C-43C8-9502-F20E5459CEA0}.Debug|x86.ActiveCfg = Debug|Any CPU
		{F76D28B2-D25C-43C8-9502-F20E5459CEA0}.Debug|x86.Build.0 = Debug|Any CPU
		{F76D28B2-D25C-43C8-9502-F20E5459CEA0}.Release|Any CPU.ActiveCfg = Release|Any CPU
		{F76D28B2-D25C-43C8-9502-F20E5459CEA0}.Release|Any CPU.Build.0 = Release|Any CPU
		{F76D28B2-D25C-43C8-9502-F20E5459CEA0}.Release|x64.ActiveCfg = Release|Any CPU
		{F76D28B2-D25C-43C8-9502-F20E5459CEA0}.Release|x64.Build.0 = Release|Any CPU
		{F76D28B2-D25C-43C8-9502-F20E5459CEA0}.Release|x86.ActiveCfg = Release|Any CPU
		{F76D28B2-D25C-43C8-9502-F20E5459CEA0}.Release|x86.Build.0 = Release|Any CPU
		{B0BA27A7-7B32-4359-ABC4-ED548A09E716}.Debug|Any CPU.ActiveCfg = Debug|Any CPU
		{B0BA27A7-7B32-4359-ABC4-ED548A09E716}.Debug|Any CPU.Build.0 = Debug|Any CPU
		{B0BA27A7-7B32-4359-ABC4-ED548A09E716}.Debug|x64.ActiveCfg = Debug|Any CPU
		{B0BA27A7-7B32-4359-ABC4-ED548A09E716}.Debug|x64.Build.0 = Debug|Any CPU
		{B0BA27A7-7B32-4359-ABC4-ED548A09E716}.Debug|x86.ActiveCfg = Debug|Any CPU
		{B0BA27A7-7B32-4359-ABC4-ED548A09E716}.Debug|x86.Build.0 = Debug|Any CPU
		{B0BA27A7-7B32-4359-ABC4-ED548A09E716}.Release|Any CPU.ActiveCfg = Release|Any CPU
		{B0BA27A7-7B32-4359-ABC4-ED548A09E716}.Release|Any CPU.Build.0 = Release|Any CPU
		{B0BA27A7-7B32-4359-ABC4-ED548A09E716}.Release|x64.ActiveCfg = Release|Any CPU
		{B0BA27A7-7B32-4359-ABC4-ED548A09E716}.Release|x64.Build.0 = Release|Any CPU
		{B0BA27A7-7B32-4359-ABC4-ED548A09E716}.Release|x86.ActiveCfg = Release|Any CPU
		{B0BA27A7-7B32-4359-ABC4-ED548A09E716}.Release|x86.Build.0 = Release|Any CPU
		{1343A0A6-9790-4460-9C1E-F797314C12AA}.Debug|Any CPU.ActiveCfg = Debug|Any CPU
		{1343A0A6-9790-4460-9C1E-F797314C12AA}.Debug|Any CPU.Build.0 = Debug|Any CPU
		{1343A0A6-9790-4460-9C1E-F797314C12AA}.Debug|x64.ActiveCfg = Debug|Any CPU
		{1343A0A6-9790-4460-9C1E-F797314C12AA}.Debug|x64.Build.0 = Debug|Any CPU
		{1343A0A6-9790-4460-9C1E-F797314C12AA}.Debug|x86.ActiveCfg = Debug|Any CPU
		{1343A0A6-9790-4460-9C1E-F797314C12AA}.Debug|x86.Build.0 = Debug|Any CPU
		{1343A0A6-9790-4460-9C1E-F797314C12AA}.Release|Any CPU.ActiveCfg = Release|Any CPU
		{1343A0A6-9790-4460-9C1E-F797314C12AA}.Release|Any CPU.Build.0 = Release|Any CPU
		{1343A0A6-9790-4460-9C1E-F797314C12AA}.Release|x64.ActiveCfg = Release|Any CPU
		{1343A0A6-9790-4460-9C1E-F797314C12AA}.Release|x64.Build.0 = Release|Any CPU
		{1343A0A6-9790-4460-9C1E-F797314C12AA}.Release|x86.ActiveCfg = Release|Any CPU
		{1343A0A6-9790-4460-9C1E-F797314C12AA}.Release|x86.Build.0 = Release|Any CPU
		{A6B2300B-69DE-4330-AB48-D58A23619415}.Debug|Any CPU.ActiveCfg = Debug|Any CPU
		{A6B2300B-69DE-4330-AB48-D58A23619415}.Debug|Any CPU.Build.0 = Debug|Any CPU
		{A6B2300B-69DE-4330-AB48-D58A23619415}.Debug|x64.ActiveCfg = Debug|Any CPU
		{A6B2300B-69DE-4330-AB48-D58A23619415}.Debug|x64.Build.0 = Debug|Any CPU
		{A6B2300B-69DE-4330-AB48-D58A23619415}.Debug|x86.ActiveCfg = Debug|Any CPU
		{A6B2300B-69DE-4330-AB48-D58A23619415}.Debug|x86.Build.0 = Debug|Any CPU
		{A6B2300B-69DE-4330-AB48-D58A23619415}.Release|Any CPU.ActiveCfg = Release|Any CPU
		{A6B2300B-69DE-4330-AB48-D58A23619415}.Release|Any CPU.Build.0 = Release|Any CPU
		{A6B2300B-69DE-4330-AB48-D58A23619415}.Release|x64.ActiveCfg = Release|Any CPU
		{A6B2300B-69DE-4330-AB48-D58A23619415}.Release|x64.Build.0 = Release|Any CPU
		{A6B2300B-69DE-4330-AB48-D58A23619415}.Release|x86.ActiveCfg = Release|Any CPU
		{A6B2300B-69DE-4330-AB48-D58A23619415}.Release|x86.Build.0 = Release|Any CPU
		{8450CE35-ECF1-4B17-A03F-F118277D526E}.Debug|Any CPU.ActiveCfg = Debug|Any CPU
		{8450CE35-ECF1-4B17-A03F-F118277D526E}.Debug|Any CPU.Build.0 = Debug|Any CPU
		{8450CE35-ECF1-4B17-A03F-F118277D526E}.Debug|x64.ActiveCfg = Debug|Any CPU
		{8450CE35-ECF1-4B17-A03F-F118277D526E}.Debug|x64.Build.0 = Debug|Any CPU
		{8450CE35-ECF1-4B17-A03F-F118277D526E}.Debug|x86.ActiveCfg = Debug|Any CPU
		{8450CE35-ECF1-4B17-A03F-F118277D526E}.Debug|x86.Build.0 = Debug|Any CPU
		{8450CE35-ECF1-4B17-A03F-F118277D526E}.Release|Any CPU.ActiveCfg = Release|Any CPU
		{8450CE35-ECF1-4B17-A03F-F118277D526E}.Release|Any CPU.Build.0 = Release|Any CPU
		{8450CE35-ECF1-4B17-A03F-F118277D526E}.Release|x64.ActiveCfg = Release|Any CPU
		{8450CE35-ECF1-4B17-A03F-F118277D526E}.Release|x64.Build.0 = Release|Any CPU
		{8450CE35-ECF1-4B17-A03F-F118277D526E}.Release|x86.ActiveCfg = Release|Any CPU
		{8450CE35-ECF1-4B17-A03F-F118277D526E}.Release|x86.Build.0 = Release|Any CPU
		{9A68882D-345A-4764-8E75-C3902A090D7D}.Debug|Any CPU.ActiveCfg = Debug|Any CPU
		{9A68882D-345A-4764-8E75-C3902A090D7D}.Debug|Any CPU.Build.0 = Debug|Any CPU
		{9A68882D-345A-4764-8E75-C3902A090D7D}.Debug|x64.ActiveCfg = Debug|Any CPU
		{9A68882D-345A-4764-8E75-C3902A090D7D}.Debug|x64.Build.0 = Debug|Any CPU
		{9A68882D-345A-4764-8E75-C3902A090D7D}.Debug|x86.ActiveCfg = Debug|Any CPU
		{9A68882D-345A-4764-8E75-C3902A090D7D}.Debug|x86.Build.0 = Debug|Any CPU
		{9A68882D-345A-4764-8E75-C3902A090D7D}.Release|Any CPU.ActiveCfg = Release|Any CPU
		{9A68882D-345A-4764-8E75-C3902A090D7D}.Release|Any CPU.Build.0 = Release|Any CPU
		{9A68882D-345A-4764-8E75-C3902A090D7D}.Release|x64.ActiveCfg = Release|Any CPU
		{9A68882D-345A-4764-8E75-C3902A090D7D}.Release|x64.Build.0 = Release|Any CPU
		{9A68882D-345A-4764-8E75-C3902A090D7D}.Release|x86.ActiveCfg = Release|Any CPU
		{9A68882D-345A-4764-8E75-C3902A090D7D}.Release|x86.Build.0 = Release|Any CPU
		{532300A1-908E-4496-84AC-317236CD6C2A}.Debug|Any CPU.ActiveCfg = Debug|Any CPU
		{532300A1-908E-4496-84AC-317236CD6C2A}.Debug|Any CPU.Build.0 = Debug|Any CPU
		{532300A1-908E-4496-84AC-317236CD6C2A}.Debug|x64.ActiveCfg = Debug|Any CPU
		{532300A1-908E-4496-84AC-317236CD6C2A}.Debug|x64.Build.0 = Debug|Any CPU
		{532300A1-908E-4496-84AC-317236CD6C2A}.Debug|x86.ActiveCfg = Debug|Any CPU
		{532300A1-908E-4496-84AC-317236CD6C2A}.Debug|x86.Build.0 = Debug|Any CPU
		{532300A1-908E-4496-84AC-317236CD6C2A}.Release|Any CPU.ActiveCfg = Release|Any CPU
		{532300A1-908E-4496-84AC-317236CD6C2A}.Release|Any CPU.Build.0 = Release|Any CPU
		{532300A1-908E-4496-84AC-317236CD6C2A}.Release|x64.ActiveCfg = Release|Any CPU
		{532300A1-908E-4496-84AC-317236CD6C2A}.Release|x64.Build.0 = Release|Any CPU
		{532300A1-908E-4496-84AC-317236CD6C2A}.Release|x86.ActiveCfg = Release|Any CPU
		{532300A1-908E-4496-84AC-317236CD6C2A}.Release|x86.Build.0 = Release|Any CPU
	EndGlobalSection
	GlobalSection(SolutionProperties) = preSolution
		HideSolutionNode = FALSE
	EndGlobalSection
	GlobalSection(NestedProjects) = preSolution
		{24010B18-7E1B-4D53-9628-871A4749F597} = {4F52FD11-658E-A102-6CD3-7D7C16FFA15B}
		{F76D28B2-D25C-43C8-9502-F20E5459CEA0} = {0AB3BF05-4346-4AA6-1389-037BE0695223}
		{B0BA27A7-7B32-4359-ABC4-ED548A09E716} = {0AB3BF05-4346-4AA6-1389-037BE0695223}
		{1343A0A6-9790-4460-9C1E-F797314C12AA} = {0AB3BF05-4346-4AA6-1389-037BE0695223}
		{A6B2300B-69DE-4330-AB48-D58A23619415} = {90DCE71B-4939-B80A-CE8C-85DE2210C7AC}
		{8450CE35-ECF1-4B17-A03F-F118277D526E} = {90DCE71B-4939-B80A-CE8C-85DE2210C7AC}
		{9A68882D-345A-4764-8E75-C3902A090D7D} = {0AB3BF05-4346-4AA6-1389-037BE0695223}
		{532300A1-908E-4496-84AC-317236CD6C2A} = {4F52FD11-658E-A102-6CD3-7D7C16FFA15B}
	EndGlobalSection
EndGlobal
